
Microsoft Visual Studio Solution File, Format Version 12.00
# Visual Studio Version 17
VisualStudioVersion = 17.8.34511.84
MinimumVisualStudioVersion = 10.0.40219.1
Project("{FAE04EC0-301F-11D3-BF4B-00C04F79EFBC}") = "SwitchBotRemoteController", "SwitchBotRemoteController.csproj", "{0A9A70DA-E1BB-40B7-9523-3C8035411E33}"
EndProject
Global
	GlobalSection(SolutionConfigurationPlatforms) = preSolution
		Debug|Any CPU = Debug|Any CPU
		Release|Any CPU = Release|Any CPU
	EndGlobalSection
	GlobalSection(ProjectConfigurationPlatforms) = postSolution
		{0A9A70DA-E1BB-40B7-9523-3C8035411E33}.Debug|Any CPU.ActiveCfg = Debug|Any CPU
		{0A9A70DA-E1BB-40B7-9523-3C8035411E33}.Debug|Any CPU.Build.0 = Debug|Any CPU
		{0A9A70DA-E1BB-40B7-9523-3C8035411E33}.Release|Any CPU.ActiveCfg = Release|Any CPU
		{0A9A70DA-E1BB-40B7-9523-3C8035411E33}.Release|Any CPU.Build.0 = Release|Any CPU
	EndGlobalSection
	GlobalSection(SolutionProperties) = preSolution
		HideSolutionNode = FALSE
	EndGlobalSection
	GlobalSection(ExtensibilityGlobals) = postSolution
		SolutionGuid = {4C40C904-F404-466D-B641-5B93989B2E80}
	EndGlobalSection
EndGlobal
